<?xml version="1.0" encoding="utf-8"?>
<Project ToolsVersion="4.0" xmlns="http://schemas.microsoft.com/developer/msbuild/2003">
  <ItemGroup>
    <ClCompile Include="src\bvh_node.cpp" />
    <ClCompile Include="src\camera.cpp" />
    <ClCompile Include="src\dielectric.cpp" />
    <ClCompile Include="src\hitable_list.cpp" />
    <ClCompile Include="src\labertian.cpp" />
    <ClCompile Include="src\main.cpp" />
    <ClCompile Include="src\metal.cpp" />
    <ClCompile Include="src\moving_sphere.cpp" />
    <ClCompile Include="src\noise_texture.cpp" />
    <ClCompile Include="src\perlin.cpp" />
    <ClCompile Include="src\random_util.cpp" />
    <ClCompile Include="src\sphere.cpp" />
    <ClCompile Include="src\image_texture.cpp" />
    <ClCompile Include="src\diffuse_light.cpp" />
    <ClCompile Include="src\xy_rect.cpp" />
    <ClCompile Include="src\xz_rect.cpp" />
    <ClCompile Include="src\yz_rect.cpp" />
    <ClCompile Include="src\flip_normals.cpp" />
    <ClCompile Include="src\box.cpp" />
  </ItemGroup>
  <ItemGroup>
    <ClInclude Include="include\aabb.h" />
    <ClInclude Include="include\bvh_node.h" />
    <ClInclude Include="include\camera.h" />
    <ClInclude Include="include\checker_texture.h" />
    <ClInclude Include="include\constant_texture.h" />
    <ClInclude Include="include\dielectric.h" />
    <ClInclude Include="include\hitable.h" />
    <ClInclude Include="include\hitable_list.h" />
    <ClInclude Include="include\lambertian.h" />
    <ClInclude Include="include\material.h" />
    <ClInclude Include="include\metal.h" />
    <ClInclude Include="include\moving_sphere.h" />
    <ClInclude Include="include\noise_texture.h" />
    <ClInclude Include="include\perlin.h" />
    <ClInclude Include="include\random_util.h" />
    <ClInclude Include="include\ray.h" />
    <ClInclude Include="include\sphere.h" />
    <ClInclude Include="include\texture.h" />
    <ClInclude Include="include\vec3.h" />
    <ClInclude Include="include\image_texture.h" />
    <ClInclude Include="include\stb_image.h" />
    <ClInclude Include="include\diffuse_light.h" />
    <ClInclude Include="include\xy_rect.h" />
    <ClInclude Include="include\xz_rect.h" />
    <ClInclude Include="include\yz_rect.h" />
    <ClInclude Include="include\flip_normals.h" />
    <ClInclude Include="include\box.h" />
  </ItemGroup>
</Project>